
Microsoft Visual Studio Solution File, Format Version 12.00
# Visual Studio 15
VisualStudioVersion = 15.0.28307.902
MinimumVisualStudioVersion = 10.0.40219.1
Project("{8BC9CEB8-8B4A-11D0-8D11-00A0C91BC942}") = "lab4", "lab4\lab4.vcxproj", "{F78C0AD8-2F12-4032-8F85-581F9DB44409}"
EndProject
Global
	GlobalSection(SolutionConfigurationPlatforms) = preSolution
		Debug|x64 = Debug|x64
		Debug|x86 = Debug|x86
		Release|x64 = Release|x64
		Release|x86 = Release|x86
	EndGlobalSection
	GlobalSection(ProjectConfigurationPlatforms) = postSolution
		{F78C0AD8-2F12-4032-8F85-581F9DB44409}.Debug|x64.ActiveCfg = Debug|x64
		{F78C0AD8-2F12-4032-8F85-581F9DB44409}.Debug|x64.Build.0 = Debug|x64
		{F78C0AD8-2F12-4032-8F85-581F9DB44409}.Debug|x86.ActiveCfg = Debug|Win32
		{F78C0AD8-2F12-4032-8F85-581F9DB44409}.Debug|x86.Build.0 = Debug|Win32
		{F78C0AD8-2F12-4032-8F85-581F9DB44409}.Release|x64.ActiveCfg = Release|x64
		{F78C0AD8-2F12-4032-8F85-581F9DB44409}.Release|x64.Build.0 = Release|x64
		{F78C0AD8-2F12-4032-8F85-581F9DB44409}.Release|x86.ActiveCfg = Release|Win32
		{F78C0AD8-2F12-4032-8F85-581F9DB44409}.Release|x86.Build.0 = Release|Win32
	EndGlobalSection
	GlobalSection(SolutionProperties) = preSolution
		HideSolutionNode = FALSE
	EndGlobalSection
	GlobalSection(ExtensibilityGlobals) = postSolution
		SolutionGuid = {B698C1F7-FC7E-46D1-85B3-20463609F3AF}
	EndGlobalSection
EndGlobal
